// !$*UTF8*$!
{
	archiveVersion = 1;
	classes = {
	};
	objectVersion = 77;
	objects = {

/* Begin PBXBuildFile section */
		667086572DE5DBFA0012507B /* FirebaseAuth in Frameworks */ = {isa = PBXBuildFile; productRef = 667086562DE5DBFA0012507B /* FirebaseAuth */; };
		667086592DE5DBFA0012507B /* FirebaseFirestore in Frameworks */ = {isa = PBXBuildFile; productRef = 667086582DE5DBFA0012507B /* FirebaseFirestore */; };
		6670865B2DE64DBD0012507B /* GoogleService-Info.plist in Resources */ = {isa = PBXBuildFile; fileRef = 6670865A2DE64DBD0012507B /* GoogleService-Info.plist */; };
/* End PBXBuildFile section */

/* Begin PBXContainerItemProxy section */
		667086142DE564650012507B /* PBXContainerItemProxy */ = {
			isa = PBXContainerItemProxy;
			containerPortal = 667085FE2DE564620012507B /* Project object */;
			proxyType = 1;
			remoteGlobalIDString = 667086052DE564620012507B;
			remoteInfo = AllDoneToDo;
		};
		6670861E2DE564650012507B /* PBXContainerItemProxy */ = {
			isa = PBXContainerItemProxy;
			containerPortal = 667085FE2DE564620012507B /* Project object */;
			proxyType = 1;
			remoteGlobalIDString = 667086052DE564620012507B;
			remoteInfo = AllDoneToDo;
		};
/* End PBXContainerItemProxy section */

/* Begin PBXFileReference section */
		667086062DE564620012507B /* AllDoneToDo.app */ = {isa = PBXFileReference; explicitFileType = wrapper.application; includeInIndex = 0; path = AllDoneToDo.app; sourceTree = BUILT_PRODUCTS_DIR; };
		667086132DE564650012507B /* AllDoneToDoTests.xctest */ = {isa = PBXFileReference; explicitFileType = wrapper.cfbundle; includeInIndex = 0; path = AllDoneToDoTests.xctest; sourceTree = BUILT_PRODUCTS_DIR; };
		6670861D2DE564650012507B /* AllDoneToDoUITests.xctest */ = {isa = PBXFileReference; explicitFileType = wrapper.cfbundle; includeInIndex = 0; path = AllDoneToDoUITests.xctest; sourceTree = BUILT_PRODUCTS_DIR; };
		6670865A2DE64DBD0012507B /* GoogleService-Info.plist */ = {isa = PBXFileReference; lastKnownFileType = text.plist.xml; path = "GoogleService-Info.plist"; sourceTree = "<group>"; };
/* End PBXFileReference section */

/* Begin PBXFileSystemSynchronizedRootGroup section */
		667086082DE564620012507B /* AllDoneToDo */ = {
			isa = PBXFileSystemSynchronizedRootGroup;
			path = AllDoneToDo;
			sourceTree = "<group>";
		};
		667086162DE564650012507B /* AllDoneToDoTests */ = {
			isa = PBXFileSystemSynchronizedRootGroup;
			path = AllDoneToDoTests;
			sourceTree = "<group>";
		};
		667086202DE564650012507B /* AllDoneToDoUITests */ = {
			isa = PBXFileSystemSynchronizedRootGroup;
			path = AllDoneToDoUITests;
			sourceTree = "<group>";
		};
/* End PBXFileSystemSynchronizedRootGroup section */

/* Begin PBXFrameworksBuildPhase section */
		667086032DE564620012507B /* Frameworks */ = {
			isa = PBXFrameworksBuildPhase;
			buildActionMask = 2147483647;
			files = (
				667086572DE5DBFA0012507B /* FirebaseAuth in Frameworks */,
				667086592DE5DBFA0012507B /* FirebaseFirestore in Frameworks */,
			);
			runOnlyForDeploymentPostprocessing = 0;
		};
		667086102DE564650012507B /* Frameworks */ = {
			isa = PBXFrameworksBuildPhase;
			buildActionMask = 2147483647;
			files = (
			);
			runOnlyForDeploymentPostprocessing = 0;
		};
		6670861A2DE564650012507B /* Frameworks */ = {
			isa = PBXFrameworksBuildPhase;
			buildActionMask = 2147483647;
			files = (
			);
			runOnlyForDeploymentPostprocessing = 0;
		};
/* End PBXFrameworksBuildPhase section */

/* Begin PBXGroup section */
		667085FD2DE564620012507B = {
			isa = PBXGroup;
			children = (
				6670865A2DE64DBD0012507B /* GoogleService-Info.plist */,
				667086082DE564620012507B /* AllDoneToDo */,
				667086162DE564650012507B /* AllDoneToDoTests */,
				667086202DE564650012507B /* AllDoneToDoUITests */,
				667086072DE564620012507B /* Products */,
			);
			sourceTree = "<group>";
		};
		667086072DE564620012507B /* Products */ = {
			isa = PBXGroup;
			children = (
				667086062DE564620012507B /* AllDoneToDo.app */,
				667086132DE564650012507B /* AllDoneToDoTests.xctest */,
				6670861D2DE564650012507B /* AllDoneToDoUITests.xctest */,
			);
			name = Products;
			sourceTree = "<group>";
		};
/* End PBXGroup section */

/* Begin PBXNativeTarget section */
		667086052DE564620012507B /* AllDoneToDo */ = {
			isa = PBXNativeTarget;
			buildConfigurationList = 667086272DE564650012507B /* Build configuration list for PBXNativeTarget "AllDoneToDo" */;
			buildPhases = (
				667086022DE564620012507B /* Sources */,
				667086032DE564620012507B /* Frameworks */,
				667086042DE564620012507B /* Resources */,
			);
			buildRules = (
			);
			dependencies = (
			);
			fileSystemSynchronizedGroups = (
				667086082DE564620012507B /* AllDoneToDo */,
			);
			name = AllDoneToDo;
			packageProductDependencies = (
				667086562DE5DBFA0012507B /* FirebaseAuth */,
				667086582DE5DBFA0012507B /* FirebaseFirestore */,
			);
			productName = AllDoneToDo;
			productReference = 667086062DE564620012507B /* AllDoneToDo.app */;
			productType = "com.apple.product-type.application";
		};
		667086122DE564650012507B /* AllDoneToDoTests */ = {
			isa = PBXNativeTarget;
			buildConfigurationList = 6670862A2DE564650012507B /* Build configuration list for PBXNativeTarget "AllDoneToDoTests" */;
			buildPhases = (
				6670860F2DE564650012507B /* Sources */,
				667086102DE564650012507B /* Frameworks */,
				667086112DE564650012507B /* Resources */,
			);
			buildRules = (
			);
			dependencies = (
				667086152DE564650012507B /* PBXTargetDependency */,
			);
			fileSystemSynchronizedGroups = (
				667086162DE564650012507B /* AllDoneToDoTests */,
			);
			name = AllDoneToDoTests;
			packageProductDependencies = (
			);
			productName = AllDoneToDoTests;
			productReference = 667086132DE564650012507B /* AllDoneToDoTests.xctest */;
			productType = "com.apple.product-type.bundle.unit-test";
		};
		6670861C2DE564650012507B /* AllDoneToDoUITests */ = {
			isa = PBXNativeTarget;
			buildConfigurationList = 6670862D2DE564650012507B /* Build configuration list for PBXNativeTarget "AllDoneToDoUITests" */;
			buildPhases = (
				667086192DE564650012507B /* Sources */,
				6670861A2DE564650012507B /* Frameworks */,
				6670861B2DE564650012507B /* Resources */,
			);
			buildRules = (
			);
			dependencies = (
				6670861F2DE564650012507B /* PBXTargetDependency */,
			);
			fileSystemSynchronizedGroups = (
				667086202DE564650012507B /* AllDoneToDoUITests */,
			);
			name = AllDoneToDoUITests;
			packageProductDependencies = (
			);
			productName = AllDoneToDoUITests;
			productReference = 6670861D2DE564650012507B /* AllDoneToDoUITests.xctest */;
			productType = "com.apple.product-type.bundle.ui-testing";
		};
/* End PBXNativeTarget section */

/* Begin PBXProject section */
		667085FE2DE564620012507B /* Project object */ = {
			isa = PBXProject;
			attributes = {
				BuildIndependentTargetsInParallel = 1;
				LastSwiftUpdateCheck = 1630;
				LastUpgradeCheck = 1630;
				TargetAttributes = {
					667086052DE564620012507B = {
						CreatedOnToolsVersion = 16.3;
					};
					667086122DE564650012507B = {
						CreatedOnToolsVersion = 16.3;
						TestTargetID = 667086052DE564620012507B;
					};
					6670861C2DE564650012507B = {
						CreatedOnToolsVersion = 16.3;
						TestTargetID = 667086052DE564620012507B;
					};
				};
			};
			buildConfigurationList = 667086012DE564620012507B /* Build configuration list for PBXProject "AllDoneToDo" */;
			developmentRegion = en;
			hasScannedForEncodings = 0;
			knownRegions = (
				en,
				Base,
			);
			mainGroup = 667085FD2DE564620012507B;
			minimizedProjectReferenceProxies = 1;
			packageReferences = (
				667086552DE5DBFA0012507B /* XCRemoteSwiftPackageReference "firebase-ios-sdk" */,
			);
			preferredProjectObjectVersion = 77;
			productRefGroup = 667086072DE564620012507B /* Products */;
			projectDirPath = "";
			projectRoot = "";
			targets = (
				667086052DE564620012507B /* AllDoneToDo */,
				667086122DE564650012507B /* AllDoneToDoTests */,
				6670861C2DE564650012507B /* AllDoneToDoUITests */,
			);
		};
/* End PBXProject section */

/* Begin PBXResourcesBuildPhase section */
		667086042DE564620012507B /* Resources */ = {
			isa = PBXResourcesBuildPhase;
			buildActionMask = 2147483647;
			files = (
				6670865B2DE64DBD0012507B /* GoogleService-Info.plist in Resources */,
			);
			runOnlyForDeploymentPostprocessing = 0;
		};
		667086112DE564650012507B /* Resources */ = {
			isa = PBXResourcesBuildPhase;
			buildActionMask = 2147483647;
			files = (
			);
			runOnlyForDeploymentPostprocessing = 0;
		};
		6670861B2DE564650012507B /* Resources */ = {
			isa = PBXResourcesBuildPhase;
			buildActionMask = 2147483647;
			files = (
			);
			runOnlyForDeploymentPostprocessing = 0;
		};
/* End PBXResourcesBuildPhase section */

/* Begin PBXSourcesBuildPhase section */
		667086022DE564620012507B /* Sources */ = {
			isa = PBXSourcesBuildPhase;
			buildActionMask = 2147483647;
			files = (
			);
			runOnlyForDeploymentPostprocessing = 0;
		};
		6670860F2DE564650012507B /* Sources */ = {
			isa = PBXSourcesBuildPhase;
			buildActionMask = 2147483647;
			files = (
			);
			runOnlyForDeploymentPostprocessing = 0;
		};
		667086192DE564650012507B /* Sources */ = {
			isa = PBXSourcesBuildPhase;
			buildActionMask = 2147483647;
			files = (
			);
			runOnlyForDeploymentPostprocessing = 0;
		};
/* End PBXSourcesBuildPhase section */

/* Begin PBXTargetDependency section */
		667086152DE564650012507B /* PBXTargetDependency */ = {
			isa = PBXTargetDependency;
			target = 667086052DE564620012507B /* AllDoneToDo */;
			targetProxy = 667086142DE564650012507B /* PBXContainerItemProxy */;
		};
		6670861F2DE564650012507B /* PBXTargetDependency */ = {
			isa = PBXTargetDependency;
			target = 667086052DE564620012507B /* AllDoneToDo */;
			targetProxy = 6670861E2DE564650012507B /* PBXContainerItemProxy */;
		};
/* End PBXTargetDependency section */

/* Begin XCBuildConfiguration section */
		667086252DE564650012507B /* Debug */ = {
			isa = XCBuildConfiguration;
			buildSettings = {
				ALWAYS_SEARCH_USER_PATHS = NO;
				ASSETCATALOG_COMPILER_GENERATE_SWIFT_ASSET_SYMBOL_EXTENSIONS = YES;
				CLANG_ANALYZER_NONNULL = YES;
				CLANG_ANALYZER_NUMBER_OBJECT_CONVERSION = YES_AGGRESSIVE;
				CLANG_CXX_LANGUAGE_STANDARD = "gnu++20";
				CLANG_ENABLE_MODULES = YES;
				CLANG_ENABLE_OBJC_ARC = YES;
				CLANG_ENABLE_OBJC_WEAK = YES;
				CLANG_WARN_BLOCK_CAPTURE_AUTORELEASING = YES;
				CLANG_WARN_BOOL_CONVERSION = YES;
				CLANG_WARN_COMMA = YES;
				CLANG_WARN_CONSTANT_CONVERSION = YES;
				CLANG_WARN_DEPRECATED_OBJC_IMPLEMENTATIONS = YES;
				CLANG_WARN_DIRECT_OBJC_ISA_USAGE = YES_ERROR;
				CLANG_WARN_DOCUMENTATION_COMMENTS = YES;
				CLANG_WARN_EMPTY_BODY = YES;
				CLANG_WARN_ENUM_CONVERSION = YES;
				CLANG_WARN_INFINITE_RECURSION = YES;
				CLANG_WARN_INT_CONVERSION = YES;
				CLANG_WARN_NON_LITERAL_NULL_CONVERSION = YES;
				CLANG_WARN_OBJC_IMPLICIT_RETAIN_SELF = YES;
				CLANG_WARN_OBJC_LITERAL_CONVERSION = YES;
				CLANG_WARN_OBJC_ROOT_CLASS = YES_ERROR;
				CLANG_WARN_QUOTED_INCLUDE_IN_FRAMEWORK_HEADER = YES;
				CLANG_WARN_RANGE_LOOP_ANALYSIS = YES;
				CLANG_WARN_STRICT_PROTOTYPES = YES;
				CLANG_WARN_SUSPICIOUS_MOVE = YES;
				CLANG_WARN_UNGUARDED_AVAILABILITY = YES_AGGRESSIVE;
				CLANG_WARN_UNREACHABLE_CODE = YES;
				CLANG_WARN__DUPLICATE_METHOD_MATCH = YES;
				COPY_PHASE_STRIP = NO;
				DEBUG_INFORMATION_FORMAT = dwarf;
				ENABLE_STRICT_OBJC_MSGSEND = YES;
				ENABLE_TESTABILITY = YES;
				ENABLE_USER_SCRIPT_SANDBOXING = YES;
				GCC_C_LANGUAGE_STANDARD = gnu17;
				GCC_DYNAMIC_NO_PIC = NO;
				GCC_NO_COMMON_BLOCKS = YES;
				GCC_OPTIMIZATION_LEVEL = 0;
				GCC_PREPROCESSOR_DEFINITIONS = (
					"DEBUG=1",
					"$(inherited)",
				);
				GCC_WARN_64_TO_32_BIT_CONVERSION = YES;
				GCC_WARN_ABOUT_RETURN_TYPE = YES_ERROR;
				GCC_WARN_UNDECLARED_SELECTOR = YES;
				GCC_WARN_UNINITIALIZED_AUTOS = YES_AGGRESSIVE;
				GCC_WARN_UNUSED_FUNCTION = YES;
				GCC_WARN_UNUSED_VARIABLE = YES;
				IPHONEOS_DEPLOYMENT_TARGET = 18.4;
				LOCALIZATION_PREFERS_STRING_CATALOGS = YES;
				MTL_ENABLE_DEBUG_INFO = INCLUDE_SOURCE;
				MTL_FAST_MATH = YES;
				ONLY_ACTIVE_ARCH = YES;
				SDKROOT = iphoneos;
				SWIFT_ACTIVE_COMPILATION_CONDITIONS = "DEBUG $(inherited)";
				SWIFT_OPTIMIZATION_LEVEL = "-Onone";
			};
			name = Debug;
		};
		667086262DE564650012507B /* Release */ = {
			isa = XCBuildConfiguration;
			buildSettings = {
				ALWAYS_SEARCH_USER_PATHS = NO;
				ASSETCATALOG_COMPILER_GENERATE_SWIFT_ASSET_SYMBOL_EXTENSIONS = YES;
				CLANG_ANALYZER_NONNULL = YES;
				CLANG_ANALYZER_NUMBER_OBJECT_CONVERSION = YES_AGGRESSIVE;
				CLANG_CXX_LANGUAGE_STANDARD = "gnu++20";
				CLANG_ENABLE_MODULES = YES;
				CLANG_ENABLE_OBJC_ARC = YES;
				CLANG_ENABLE_OBJC_WEAK = YES;
				CLANG_WARN_BLOCK_CAPTURE_AUTORELEASING = YES;
				CLANG_WARN_BOOL_CONVERSION = YES;
				CLANG_WARN_COMMA = YES;
				CLANG_WARN_CONSTANT_CONVERSION = YES;
				CLANG_WARN_DEPRECATED_OBJC_IMPLEMENTATIONS = YES;
				CLANG_WARN_DIRECT_OBJC_ISA_USAGE = YES_ERROR;
				CLANG_WARN_DOCUMENTATION_COMMENTS = YES;
				CLANG_WARN_EMPTY_BODY = YES;
				CLANG_WARN_ENUM_CONVERSION = YES;
				CLANG_WARN_INFINITE_RECURSION = YES;
				CLANG_WARN_INT_CONVERSION = YES;
				CLANG_WARN_NON_LITERAL_NULL_CONVERSION = YES;
				CLANG_WARN_OBJC_IMPLICIT_RETAIN_SELF = YES;
				CLANG_WARN_OBJC_LITERAL_CONVERSION = YES;
				CLANG_WARN_OBJC_ROOT_CLASS = YES_ERROR;
				CLANG_WARN_QUOTED_INCLUDE_IN_FRAMEWORK_HEADER = YES;
				CLANG_WARN_RANGE_LOOP_ANALYSIS = YES;
				CLANG_WARN_STRICT_PROTOTYPES = YES;
				CLANG_WARN_SUSPICIOUS_MOVE = YES;
				CLANG_WARN_UNGUARDED_AVAILABILITY = YES_AGGRESSIVE;
				CLANG_WARN_UNREACHABLE_CODE = YES;
				CLANG_WARN__DUPLICATE_METHOD_MATCH = YES;
				COPY_PHASE_STRIP = NO;
				DEBUG_INFORMATION_FORMAT = "dwarf-with-dsym";
				ENABLE_NS_ASSERTIONS = NO;
				ENABLE_STRICT_OBJC_MSGSEND = YES;
				ENABLE_USER_SCRIPT_SANDBOXING = YES;
				GCC_C_LANGUAGE_STANDARD = gnu17;
				GCC_NO_COMMON_BLOCKS = YES;
				GCC_WARN_64_TO_32_BIT_CONVERSION = YES;
				GCC_WARN_ABOUT_RETURN_TYPE = YES_ERROR;
				GCC_WARN_UNDECLARED_SELECTOR = YES;
				GCC_WARN_UNINITIALIZED_AUTOS = YES_AGGRESSIVE;
				GCC_WARN_UNUSED_FUNCTION = YES;
				GCC_WARN_UNUSED_VARIABLE = YES;
				IPHONEOS_DEPLOYMENT_TARGET = 18.4;
				LOCALIZATION_PREFERS_STRING_CATALOGS = YES;
				MTL_ENABLE_DEBUG_INFO = NO;
				MTL_FAST_MATH = YES;
				SDKROOT = iphoneos;
				SWIFT_COMPILATION_MODE = wholemodule;
				VALIDATE_PRODUCT = YES;
			};
			name = Release;
		};
		667086282DE564650012507B /* Debug */ = {
			isa = XCBuildConfiguration;
			buildSettings = {
				ASSETCATALOG_COMPILER_APPICON_NAME = AppIcon;
				ASSETCATALOG_COMPILER_GLOBAL_ACCENT_COLOR_NAME = AccentColor;
				CODE_SIGN_STYLE = Automatic;
				CURRENT_PROJECT_VERSION = 1;
				ENABLE_PREVIEWS = YES;
				GENERATE_INFOPLIST_FILE = YES;
				INFOPLIST_KEY_UIApplicationSceneManifest_Generation = YES;
				INFOPLIST_KEY_UIApplicationSupportsIndirectInputEvents = YES;
				INFOPLIST_KEY_UILaunchScreen_Generation = YES;
				INFOPLIST_KEY_UISupportedInterfaceOrientations_iPad = "UIInterfaceOrientationPortrait UIInterfaceOrientationPortraitUpsideDown UIInterfaceOrientationLandscapeLeft UIInterfaceOrientationLandscapeRight";
				INFOPLIST_KEY_UISupportedInterfaceOrientations_iPhone = "UIInterfaceOrientationPortrait UIInterfaceOrientationLandscapeLeft UIInterfaceOrientationLandscapeRight";
				LD_RUNPATH_SEARCH_PATHS = (
					"$(inherited)",
					"@executable_path/Frameworks",
				);
				MARKETING_VERSION = 1.0;
				PRODUCT_BUNDLE_IDENTIFIER = com.enjoyhaghack.AllDoneToDo;
				PRODUCT_NAME = "$(TARGET_NAME)";
				SWIFT_EMIT_LOC_STRINGS = YES;
				SWIFT_VERSION = 5.0;
				TARGETED_DEVICE_FAMILY = "1,2";
			};
			name = Debug;
		};
		667086292DE564650012507B /* Release */ = {
			isa = XCBuildConfiguration;
			buildSettings = {
				ASSETCATALOG_COMPILER_APPICON_NAME = AppIcon;
				ASSETCATALOG_COMPILER_GLOBAL_ACCENT_COLOR_NAME = AccentColor;
				CODE_SIGN_STYLE = Automatic;
				CURRENT_PROJECT_VERSION = 1;
				ENABLE_PREVIEWS = YES;
				GENERATE_INFOPLIST_FILE = YES;
				INFOPLIST_KEY_UIApplicationSceneManifest_Generation = YES;
				INFOPLIST_KEY_UIApplicationSupportsIndirectInputEvents = YES;
				INFOPLIST_KEY_UILaunchScreen_Generation = YES;
				INFOPLIST_KEY_UISupportedInterfaceOrientations_iPad = "UIInterfaceOrientationPortrait UIInterfaceOrientationPortraitUpsideDown UIInterfaceOrientationLandscapeLeft UIInterfaceOrientationLandscapeRight";
				INFOPLIST_KEY_UISupportedInterfaceOrientations_iPhone = "UIInterfaceOrientationPortrait UIInterfaceOrientationLandscapeLeft UIInterfaceOrientationLandscapeRight";
				LD_RUNPATH_SEARCH_PATHS = (
					"$(inherited)",
					"@executable_path/Frameworks",
				);
				MARKETING_VERSION = 1.0;
				PRODUCT_BUNDLE_IDENTIFIER = com.enjoyhaghack.AllDoneToDo;
				PRODUCT_NAME = "$(TARGET_NAME)";
				SWIFT_EMIT_LOC_STRINGS = YES;
				SWIFT_VERSION = 5.0;
				TARGETED_DEVICE_FAMILY = "1,2";
			};
			name = Release;
		};
		6670862B2DE564650012507B /* Debug */ = {
			isa = XCBuildConfiguration;
			buildSettings = {
				BUNDLE_LOADER = "$(TEST_HOST)";
				CODE_SIGN_STYLE = Automatic;
				CURRENT_PROJECT_VERSION = 1;
				GENERATE_INFOPLIST_FILE = YES;
				IPHONEOS_DEPLOYMENT_TARGET = 18.4;
				MARKETING_VERSION = 1.0;
				PRODUCT_BUNDLE_IDENTIFIER = com.enjoyhaghack.AllDoneToDo.AllDoneToDoTests;
				PRODUCT_NAME = "$(TARGET_NAME)";
				SWIFT_EMIT_LOC_STRINGS = NO;
				SWIFT_VERSION = 5.0;
				TARGETED_DEVICE_FAMILY = "1,2";
				TEST_HOST = "$(BUILT_PRODUCTS_DIR)/AllDoneToDo.app/$(BUNDLE_EXECUTABLE_FOLDER_PATH)/AllDoneToDo";
			};
			name = Debug;
		};
		6670862C2DE564650012507B /* Release */ = {
			isa = XCBuildConfiguration;
			buildSettings = {
				BUNDLE_LOADER = "$(TEST_HOST)";
				CODE_SIGN_STYLE = Automatic;
				CURRENT_PROJECT_VERSION = 1;
				GENERATE_INFOPLIST_FILE = YES;
				IPHONEOS_DEPLOYMENT_TARGET = 18.4;
				MARKETING_VERSION = 1.0;
				PRODUCT_BUNDLE_IDENTIFIER = com.enjoyhaghack.AllDoneToDo.AllDoneToDoTests;
				PRODUCT_NAME = "$(TARGET_NAME)";
				SWIFT_EMIT_LOC_STRINGS = NO;
				SWIFT_VERSION = 5.0;
				TARGETED_DEVICE_FAMILY = "1,2";
				TEST_HOST = "$(BUILT_PRODUCTS_DIR)/AllDoneToDo.app/$(BUNDLE_EXECUTABLE_FOLDER_PATH)/AllDoneToDo";
			};
			name = Release;
		};
		6670862E2DE564650012507B /* Debug */ = {
			isa = XCBuildConfiguration;
			buildSettings = {
				CODE_SIGN_STYLE = Automatic;
				CURRENT_PROJECT_VERSION = 1;
				GENERATE_INFOPLIST_FILE = YES;
				MARKETING_VERSION = 1.0;
				PRODUCT_BUNDLE_IDENTIFIER = com.enjoyhaghack.AllDoneToDo.AllDoneToDoUITests;
				PRODUCT_NAME = "$(TARGET_NAME)";
				SWIFT_EMIT_LOC_STRINGS = NO;
				SWIFT_VERSION = 5.0;
				TARGETED_DEVICE_FAMILY = "1,2";
				TEST_TARGET_NAME = AllDoneToDo;
			};
			name = Debug;
		};
		6670862F2DE564650012507B /* Release */ = {
			isa = XCBuildConfiguration;
			buildSettings = {
				CODE_SIGN_STYLE = Automatic;
				CURRENT_PROJECT_VERSION = 1;
				GENERATE_INFOPLIST_FILE = YES;
				MARKETING_VERSION = 1.0;
				PRODUCT_BUNDLE_IDENTIFIER = com.enjoyhaghack.AllDoneToDo.AllDoneToDoUITests;
				PRODUCT_NAME = "$(TARGET_NAME)";
				SWIFT_EMIT_LOC_STRINGS = NO;
				SWIFT_VERSION = 5.0;
				TARGETED_DEVICE_FAMILY = "1,2";
				TEST_TARGET_NAME = AllDoneToDo;
			};
			name = Release;
		};
/* End XCBuildConfiguration section */

/* Begin XCConfigurationList section */
		667086012DE564620012507B /* Build configuration list for PBXProject "AllDoneToDo" */ = {
			isa = XCConfigurationList;
			buildConfigurations = (
				667086252DE564650012507B /* Debug */,
				667086262DE564650012507B /* Release */,
			);
			defaultConfigurationIsVisible = 0;
			defaultConfigurationName = Release;
		};
		667086272DE564650012507B /* Build configuration list for PBXNativeTarget "AllDoneToDo" */ = {
			isa = XCConfigurationList;
			buildConfigurations = (
				667086282DE564650012507B /* Debug */,
				667086292DE564650012507B /* Release */,
			);
			defaultConfigurationIsVisible = 0;
			defaultConfigurationName = Release;
		};
		6670862A2DE564650012507B /* Build configuration list for PBXNativeTarget "AllDoneToDoTests" */ = {
			isa = XCConfigurationList;
			buildConfigurations = (
				6670862B2DE564650012507B /* Debug */,
				6670862C2DE564650012507B /* Release */,
			);
			defaultConfigurationIsVisible = 0;
			defaultConfigurationName = Release;
		};
		6670862D2DE564650012507B /* Build configuration list for PBXNativeTarget "AllDoneToDoUITests" */ = {
			isa = XCConfigurationList;
			buildConfigurations = (
				6670862E2DE564650012507B /* Debug */,
				6670862F2DE564650012507B /* Release */,
			);
			defaultConfigurationIsVisible = 0;
			defaultConfigurationName = Release;
		};
/* End XCConfigurationList section */

/* Begin XCRemoteSwiftPackageReference section */
		667086552DE5DBFA0012507B /* XCRemoteSwiftPackageReference "firebase-ios-sdk" */ = {
			isa = XCRemoteSwiftPackageReference;
			repositoryURL = "https://github.com/firebase/firebase-ios-sdk";
			requirement = {
				kind = upToNextMajorVersion;
				minimumVersion = 11.13.0;
			};
		};
/* End XCRemoteSwiftPackageReference section */

/* Begin XCSwiftPackageProductDependency section */
		667086562DE5DBFA0012507B /* FirebaseAuth */ = {
			isa = XCSwiftPackageProductDependency;
			package = 667086552DE5DBFA0012507B /* XCRemoteSwiftPackageReference "firebase-ios-sdk" */;
			productName = FirebaseAuth;
		};
		667086582DE5DBFA0012507B /* FirebaseFirestore */ = {
			isa = XCSwiftPackageProductDependency;
			package = 667086552DE5DBFA0012507B /* XCRemoteSwiftPackageReference "firebase-ios-sdk" */;
			productName = FirebaseFirestore;
		};
/* End XCSwiftPackageProductDependency section */
	};
	rootObject = 667085FE2DE564620012507B /* Project object */;
}
